
Microsoft Visual Studio Solution File, Format Version 12.00
# Visual Studio 15
Project("{FAE04EC0-301F-11D3-BF4B-00C04F79EFBC}") = "Unity.Timeline", "Unity.Timeline.csproj", "{837CD59C-78FA-4F7D-D2C3-470189855A10}"
EndProject
Project("{FAE04EC0-301F-11D3-BF4B-00C04F79EFBC}") = "lilToon.Editor.External", "lilToon.Editor.External.csproj", "{B76EA51F-C43F-96E9-6BA8-2F574E32646F}"
EndProject
Project("{FAE04EC0-301F-11D3-BF4B-00C04F79EFBC}") = "Unity.Timeline.Editor", "Unity.Timeline.Editor.csproj", "{04C6C58C-2CC2-2F6E-5C06-34D97CFAE2C9}"
EndProject
Project("{FAE04EC0-301F-11D3-BF4B-00C04F79EFBC}") = "vrchat.jordo.easyquestswitch", "vrchat.jordo.easyquestswitch.csproj", "{BA59F4A0-CA78-5746-030E-52C4DE9D7068}"
EndProject
Project("{FAE04EC0-301F-11D3-BF4B-00C04F79EFBC}") = "Unity.TextMeshPro.Editor", "Unity.TextMeshPro.Editor.csproj", "{C886395B-5DAC-16FD-A575-C06EB25C8ACE}"
EndProject
Project("{FAE04EC0-301F-11D3-BF4B-00C04F79EFBC}") = "Unity.XR.Management", "Unity.XR.Management.csproj", "{1D285594-F56C-23D6-A0F3-8BC2903A67D2}"
EndProject
Project("{FAE04EC0-301F-11D3-BF4B-00C04F79EFBC}") = "VRC.Udon.Serialization.OdinSerializer", "VRC.Udon.Serialization.OdinSerializer.csproj", "{57C74924-3ABB-A02C-DBF9-904B6844AB4A}"
EndProject
Project("{FAE04EC0-301F-11D3-BF4B-00C04F79EFBC}") = "Yamadev.YamaStream.Editor", "Yamadev.YamaStream.Editor.csproj", "{3AA10F8C-108A-1E92-F6E9-8EF67D19A744}"
EndProject
Project("{FAE04EC0-301F-11D3-BF4B-00C04F79EFBC}") = "UnityEditor.UI", "UnityEditor.UI.csproj", "{7D81D63A-48A5-7590-E492-8C8E09003D78}"
EndProject
Project("{FAE04EC0-301F-11D3-BF4B-00C04F79EFBC}") = "Unity.ProBuilder", "Unity.ProBuilder.csproj", "{B73AFBCF-B0F7-DBA7-7E8C-88F3DABC5AE3}"
EndProject
Project("{FAE04EC0-301F-11D3-BF4B-00C04F79EFBC}") = "Unity.InputSystem", "Unity.InputSystem.csproj", "{4278FEB1-CA8E-9B49-774F-D033FDB2083A}"
EndProject
Project("{FAE04EC0-301F-11D3-BF4B-00C04F79EFBC}") = "Unity.ProBuilder.Editor", "Unity.ProBuilder.Editor.csproj", "{496A3664-1542-0C67-DE72-D8987E124FA8}"
EndProject
Project("{FAE04EC0-301F-11D3-BF4B-00C04F79EFBC}") = "Unity.Mathematics", "Unity.Mathematics.csproj", "{27050AD7-8475-67F9-F985-BB75938B6F14}"
EndProject
Project("{FAE04EC0-301F-11D3-BF4B-00C04F79EFBC}") = "Cinemachine", "Cinemachine.csproj", "{A271A9A4-0268-CB5B-4E15-FA642FF045B8}"
EndProject
Project("{FAE04EC0-301F-11D3-BF4B-00C04F79EFBC}") = "Unity.Collections", "Unity.Collections.csproj", "{1C0A10C6-B4CC-2120-E5A2-F51CDF56776E}"
EndProject
Project("{FAE04EC0-301F-11D3-BF4B-00C04F79EFBC}") = "UdonSharp.Editor", "UdonSharp.Editor.csproj", "{958DB85A-A372-96AE-69C3-1D98024B30FA}"
EndProject
Project("{FAE04EC0-301F-11D3-BF4B-00C04F79EFBC}") = "UnityEditor.TestRunner", "UnityEditor.TestRunner.csproj", "{BE2C1791-DABA-CF16-0B2B-F70824B674D7}"
EndProject
Project("{FAE04EC0-301F-11D3-BF4B-00C04F79EFBC}") = "VRC.Udon.Editor", "VRC.Udon.Editor.csproj", "{A55BD1CA-07B4-D675-A90A-D4A4E509C646}"
EndProject
Project("{FAE04EC0-301F-11D3-BF4B-00C04F79EFBC}") = "VRC.SDKBase.Editor", "VRC.SDKBase.Editor.csproj", "{FCE407DD-9D71-6C5D-40F4-776876BDE528}"
EndProject
Project("{FAE04EC0-301F-11D3-BF4B-00C04F79EFBC}") = "Unity.ProBuilder.Poly2Tri", "Unity.ProBuilder.Poly2Tri.csproj", "{2CBE34EB-4523-99D3-D69E-0B6441A2C4C6}"
EndProject
Project("{FAE04EC0-301F-11D3-BF4B-00C04F79EFBC}") = "UnityEngine.TestRunner", "UnityEngine.TestRunner.csproj", "{B48C3752-E85C-CDE7-E03C-C19E900663A9}"
EndProject
Project("{FAE04EC0-301F-11D3-BF4B-00C04F79EFBC}") = "VRC.Udon", "VRC.Udon.csproj", "{C51E2562-CBA1-9B2B-0AB2-984D2C53A8CB}"
EndProject
Project("{FAE04EC0-301F-11D3-BF4B-00C04F79EFBC}") = "UniTask", "UniTask.csproj", "{BB116E67-11AF-8BB9-56FC-6AF181686B50}"
EndProject
Project("{FAE04EC0-301F-11D3-BF4B-00C04F79EFBC}") = "VRC.ClientSim", "VRC.ClientSim.csproj", "{B7DA14D6-D042-3976-E49E-B498FAD05385}"
EndProject
Project("{FAE04EC0-301F-11D3-BF4B-00C04F79EFBC}") = "UniTask.Linq", "UniTask.Linq.csproj", "{67DD53FC-E1EE-DE8D-4BE9-AD3FE0DB8351}"
EndProject
Project("{FAE04EC0-301F-11D3-BF4B-00C04F79EFBC}") = "Unity.Burst", "Unity.Burst.csproj", "{654C4CFB-7849-EDD1-E501-EF5F8C7B5AC1}"
EndProject
Project("{FAE04EC0-301F-11D3-BF4B-00C04F79EFBC}") = "Unity.XR.Oculus", "Unity.XR.Oculus.csproj", "{10C78971-3C2B-AAA5-0A4B-257B08117C60}"
EndProject
Project("{FAE04EC0-301F-11D3-BF4B-00C04F79EFBC}") = "Unity.XR.Management.Editor", "Unity.XR.Management.Editor.csproj", "{BAB68A9B-337A-5610-F93D-160695B20511}"
EndProject
Project("{FAE04EC0-301F-11D3-BF4B-00C04F79EFBC}") = "VRC.SDKBase", "VRC.SDKBase.csproj", "{55E804AE-9E74-B065-81E3-7A359A6DE974}"
EndProject
Project("{FAE04EC0-301F-11D3-BF4B-00C04F79EFBC}") = "UnityEngine.UI", "UnityEngine.UI.csproj", "{5AB3BD60-86F1-3ED2-A924-BC682B2C0AA9}"
EndProject
Project("{FAE04EC0-301F-11D3-BF4B-00C04F79EFBC}") = "Unity.ProBuilder.Csg", "Unity.ProBuilder.Csg.csproj", "{DE0E3390-8C9D-6806-ABB9-91EEE6E9DDE0}"
EndProject
Project("{FAE04EC0-301F-11D3-BF4B-00C04F79EFBC}") = "Unity.AI.Navigation.Editor", "Unity.AI.Navigation.Editor.csproj", "{BA5A0217-17F8-B9E2-28E3-26E94B142871}"
EndProject
Project("{FAE04EC0-301F-11D3-BF4B-00C04F79EFBC}") = "Yamadev.YamaStream.Runtime", "Yamadev.YamaStream.Runtime.csproj", "{C753BD6C-8A01-5814-CAE1-540B31DC26DC}"
EndProject
Project("{FAE04EC0-301F-11D3-BF4B-00C04F79EFBC}") = "VRC.ClientSim.Editor", "VRC.ClientSim.Editor.csproj", "{3C74F73D-23AD-3212-22EE-3DBB28F06472}"
EndProject
Project("{FAE04EC0-301F-11D3-BF4B-00C04F79EFBC}") = "VRC.SDK3", "VRC.SDK3.csproj", "{6D403D19-3DE2-7077-A3A1-A447D832283C}"
EndProject
Project("{FAE04EC0-301F-11D3-BF4B-00C04F79EFBC}") = "Unity.VisualStudio.Editor", "Unity.VisualStudio.Editor.csproj", "{EE96B760-C470-9AC6-5A15-3D72CD9C4E4F}"
EndProject
Project("{FAE04EC0-301F-11D3-BF4B-00C04F79EFBC}") = "Unity.XR.Oculus.Editor", "Unity.XR.Oculus.Editor.csproj", "{F6EC0859-622E-52EB-3430-7E6307A3D098}"
EndProject
Project("{FAE04EC0-301F-11D3-BF4B-00C04F79EFBC}") = "com.unity.cinemachine.editor", "com.unity.cinemachine.editor.csproj", "{670EA843-E897-CB6D-8FCE-3FA57E396BC7}"
EndProject
Project("{FAE04EC0-301F-11D3-BF4B-00C04F79EFBC}") = "Assembly-CSharp", "Assembly-CSharp.csproj", "{E34FCCD8-6E75-BAF8-11B9-B634C3F5B016}"
EndProject
Project("{FAE04EC0-301F-11D3-BF4B-00C04F79EFBC}") = "VRC.SDK3.Editor", "VRC.SDK3.Editor.csproj", "{467EAA53-3393-588E-CACD-64C0A8541A91}"
EndProject
Project("{FAE04EC0-301F-11D3-BF4B-00C04F79EFBC}") = "UniTask.DOTween", "UniTask.DOTween.csproj", "{24A0E79E-6ED1-6F6C-D626-C0F2AB499AE4}"
EndProject
Project("{FAE04EC0-301F-11D3-BF4B-00C04F79EFBC}") = "Unity.Rider.Editor", "Unity.Rider.Editor.csproj", "{03848A7A-BCA0-FE2F-EAB4-B1C279F0E526}"
EndProject
Project("{FAE04EC0-301F-11D3-BF4B-00C04F79EFBC}") = "Unity.Postprocessing.Runtime", "Unity.Postprocessing.Runtime.csproj", "{0005003C-5322-82F8-8551-EBA37E0741A5}"
EndProject
Project("{FAE04EC0-301F-11D3-BF4B-00C04F79EFBC}") = "QvPen", "QvPen.csproj", "{C886F5CF-915D-3B8F-AABE-F0224D6306BC}"
EndProject
Project("{FAE04EC0-301F-11D3-BF4B-00C04F79EFBC}") = "Unity.AI.Navigation", "Unity.AI.Navigation.csproj", "{A9F8B9A9-2D03-168C-23D6-2A0278F1C8AD}"
EndProject
Project("{FAE04EC0-301F-11D3-BF4B-00C04F79EFBC}") = "Unity.AI.Navigation.Editor.ConversionSystem", "Unity.AI.Navigation.Editor.ConversionSystem.csproj", "{252BEF99-CDDC-896C-AE22-759A6C3B3891}"
EndProject
Project("{FAE04EC0-301F-11D3-BF4B-00C04F79EFBC}") = "UnityEditor.XR.LegacyInputHelpers", "UnityEditor.XR.LegacyInputHelpers.csproj", "{08ADDFE5-5AA5-3CA4-7022-90433C05A52C}"
EndProject
Project("{FAE04EC0-301F-11D3-BF4B-00C04F79EFBC}") = "Unity.Burst.CodeGen", "Unity.Burst.CodeGen.csproj", "{CECA2A1C-8FEE-C954-367C-BD8BD5E90885}"
EndProject
Project("{FAE04EC0-301F-11D3-BF4B-00C04F79EFBC}") = "UnityEditorTests", "UnityEditorTests.csproj", "{1BE9E725-EE0D-DAA6-943A-894824F4687C}"
EndProject
Project("{FAE04EC0-301F-11D3-BF4B-00C04F79EFBC}") = "Unity.Postprocessing.Editor", "Unity.Postprocessing.Editor.csproj", "{8C079299-AAA8-7EAF-597F-74CA52023A65}"
EndProject
Project("{FAE04EC0-301F-11D3-BF4B-00C04F79EFBC}") = "AudioLink", "AudioLink.csproj", "{9F409A5F-CEEF-D3C3-3729-1073204A4F66}"
EndProject
Project("{FAE04EC0-301F-11D3-BF4B-00C04F79EFBC}") = "Unity.TextMeshPro", "Unity.TextMeshPro.csproj", "{3B2661C8-9E92-C5DC-3317-6E9BE87C3561}"
EndProject
Project("{FAE04EC0-301F-11D3-BF4B-00C04F79EFBC}") = "AudioLink.Editor", "AudioLink.Editor.csproj", "{E97935B1-EB65-D48C-032C-945ED9E5A51A}"
EndProject
Project("{FAE04EC0-301F-11D3-BF4B-00C04F79EFBC}") = "Unity.Scripting.Python.Editor", "Unity.Scripting.Python.Editor.csproj", "{36C38827-2F2B-B162-75CF-EAB3BF68C22B}"
EndProject
Project("{FAE04EC0-301F-11D3-BF4B-00C04F79EFBC}") = "VRWorldToolkit.Editor", "VRWorldToolkit.Editor.csproj", "{DC6F346B-5CE2-E263-42AE-4B5A3F046EB4}"
EndProject
Project("{FAE04EC0-301F-11D3-BF4B-00C04F79EFBC}") = "VRC.ExampleCentral.Editor", "VRC.ExampleCentral.Editor.csproj", "{70BA2EFD-AA67-1E21-6460-32BF4678D5D7}"
EndProject
Project("{FAE04EC0-301F-11D3-BF4B-00C04F79EFBC}") = "Unity.VSCode.Editor", "Unity.VSCode.Editor.csproj", "{E59E3315-6D4F-37E4-EB2E-6FB1A6A2D8E7}"
EndProject
Project("{FAE04EC0-301F-11D3-BF4B-00C04F79EFBC}") = "Unity.Burst.Editor", "Unity.Burst.Editor.csproj", "{C213931B-0F97-C7A2-523F-11B210FD4595}"
EndProject
Project("{FAE04EC0-301F-11D3-BF4B-00C04F79EFBC}") = "lilToon.Editor", "lilToon.Editor.csproj", "{4C46BB64-A950-0B8E-16FC-F39C808E1F09}"
EndProject
Project("{FAE04EC0-301F-11D3-BF4B-00C04F79EFBC}") = "Unity.AI.Navigation.Updater", "Unity.AI.Navigation.Updater.csproj", "{FCDC34F0-4042-DFA9-C2C2-06A431FFC698}"
EndProject
Project("{FAE04EC0-301F-11D3-BF4B-00C04F79EFBC}") = "UnityEditor.SpatialTracking", "UnityEditor.SpatialTracking.csproj", "{1128429B-38F1-3BC3-74FA-09F66E3B5125}"
EndProject
Project("{FAE04EC0-301F-11D3-BF4B-00C04F79EFBC}") = "com.vrchat.core.vpm-resolver.Editor", "com.vrchat.core.vpm-resolver.Editor.csproj", "{8F3EF1CE-C1C6-F195-0C1C-4CC2A5044580}"
EndProject
Project("{FAE04EC0-301F-11D3-BF4B-00C04F79EFBC}") = "VRC.SDKBase.Editor.ShaderStripping", "VRC.SDKBase.Editor.ShaderStripping.csproj", "{161F9D4D-2B37-57C5-A4CC-B0501AAE1D43}"
EndProject
Project("{FAE04EC0-301F-11D3-BF4B-00C04F79EFBC}") = "Unity.ProBuilder.Stl", "Unity.ProBuilder.Stl.csproj", "{80CC725F-5961-89C6-DE70-89D7D854EACD}"
EndProject
Project("{FAE04EC0-301F-11D3-BF4B-00C04F79EFBC}") = "Unity.Settings.Editor", "Unity.Settings.Editor.csproj", "{F8200307-7AF9-9A92-78B0-B349C7FE47ED}"
EndProject
Project("{FAE04EC0-301F-11D3-BF4B-00C04F79EFBC}") = "Yamadev.YamaStream", "Yamadev.YamaStream.csproj", "{ADD4AA0B-55F3-744F-3833-9F7245B37D2F}"
EndProject
Project("{FAE04EC0-301F-11D3-BF4B-00C04F79EFBC}") = "Unity.ProBuilder.AssetIdRemapUtility", "Unity.ProBuilder.AssetIdRemapUtility.csproj", "{215237A2-0AAD-CC7D-89F5-95A3200D8789}"
EndProject
Project("{FAE04EC0-301F-11D3-BF4B-00C04F79EFBC}") = "UdonSharp.Runtime", "UdonSharp.Runtime.csproj", "{9D96B8F6-B778-08D0-2240-D81763C8370C}"
EndProject
Project("{FAE04EC0-301F-11D3-BF4B-00C04F79EFBC}") = "Unity.ProBuilder.KdTree", "Unity.ProBuilder.KdTree.csproj", "{D7A4ABE7-30D0-BF5D-461F-BEDC69E5C405}"
EndProject
Project("{FAE04EC0-301F-11D3-BF4B-00C04F79EFBC}") = "AVProVideo.Runtime", "AVProVideo.Runtime.csproj", "{D73139A2-E59A-6D36-D552-57491E08C658}"
EndProject
Project("{FAE04EC0-301F-11D3-BF4B-00C04F79EFBC}") = "UnityEngine.SpatialTracking", "UnityEngine.SpatialTracking.csproj", "{8B9B6CD5-34C1-732F-341F-B7DFA5322E92}"
EndProject
Project("{FAE04EC0-301F-11D3-BF4B-00C04F79EFBC}") = "UniTask.Editor", "UniTask.Editor.csproj", "{7FED2755-4376-176A-8EA1-9975729199F8}"
EndProject
Project("{FAE04EC0-301F-11D3-BF4B-00C04F79EFBC}") = "Unity.ProBuilder.AddOns.Editor", "Unity.ProBuilder.AddOns.Editor.csproj", "{DF82311C-4313-6D55-E7C5-91C75D315CFD}"
EndProject
Project("{FAE04EC0-301F-11D3-BF4B-00C04F79EFBC}") = "Unity.InputSystem.ForUI", "Unity.InputSystem.ForUI.csproj", "{D347E0C9-432D-74C8-F0C1-4555107124AB}"
EndProject
Project("{FAE04EC0-301F-11D3-BF4B-00C04F79EFBC}") = "Unity.Collections.CodeGen", "Unity.Collections.CodeGen.csproj", "{09E52B49-CBEF-BE18-E07A-148C6984A4F6}"
EndProject
Project("{FAE04EC0-301F-11D3-BF4B-00C04F79EFBC}") = "Unity.Mathematics.Editor", "Unity.Mathematics.Editor.csproj", "{4749D55F-5171-76E6-3381-2F6CAA57E2DA}"
EndProject
Project("{FAE04EC0-301F-11D3-BF4B-00C04F79EFBC}") = "UdonSharp.Lib", "UdonSharp.Lib.csproj", "{4869EBA9-6C0E-4861-816E-096258494D03}"
EndProject
Project("{FAE04EC0-301F-11D3-BF4B-00C04F79EFBC}") = "VRC.SDKBase.Editor.BuildPipeline", "VRC.SDKBase.Editor.BuildPipeline.csproj", "{E178154F-3C3A-0545-0D06-5B76C826A098}"
EndProject
Project("{FAE04EC0-301F-11D3-BF4B-00C04F79EFBC}") = "vrchat.jordo.easyquestswitch.Editor", "vrchat.jordo.easyquestswitch.Editor.csproj", "{B9333EBB-F794-52CE-6C1D-F6E2C023D14D}"
EndProject
Project("{FAE04EC0-301F-11D3-BF4B-00C04F79EFBC}") = "Unity.Collections.Editor", "Unity.Collections.Editor.csproj", "{1A051A37-B45E-FD29-11ED-B7CD38884686}"
EndProject
Project("{FAE04EC0-301F-11D3-BF4B-00C04F79EFBC}") = "Unity.InputSystem.TestFramework", "Unity.InputSystem.TestFramework.csproj", "{4BEC6AD3-57C7-10C5-93F8-313D9B9EA93A}"
EndProject
Project("{FAE04EC0-301F-11D3-BF4B-00C04F79EFBC}") = "UnityEngine.XR.LegacyInputHelpers", "UnityEngine.XR.LegacyInputHelpers.csproj", "{61D14155-9D90-D0E2-5E5C-11B963281346}"
EndProject
Project("{FAE04EC0-301F-11D3-BF4B-00C04F79EFBC}") = "UniTask.Addressables", "UniTask.Addressables.csproj", "{EBA4E840-D79A-AF2C-FEA9-8F36AC174194}"
EndProject
Project("{FAE04EC0-301F-11D3-BF4B-00C04F79EFBC}") = "Assembly-CSharp-Editor", "Assembly-CSharp-Editor.csproj", "{8FB68BA9-A30F-7A2F-4399-EAFD4E554C6A}"
EndProject
Project("{FAE04EC0-301F-11D3-BF4B-00C04F79EFBC}") = "UniTask.TextMeshPro", "UniTask.TextMeshPro.csproj", "{BF0D2880-67FC-6A6E-464B-10678B39410B}"
EndProject
Global
	GlobalSection(SolutionConfigurationPlatforms) = preSolution
		Debug|Any CPU = Debug|Any CPU
		Release|Any CPU = Release|Any CPU
	EndGlobalSection
	GlobalSection(ProjectConfigurationPlatforms) = postSolution
		{837CD59C-78FA-4F7D-D2C3-470189855A10}.Debug|Any CPU.ActiveCfg = Debug|Any CPU
		{837CD59C-78FA-4F7D-D2C3-470189855A10}.Debug|Any CPU.Build.0 = Debug|Any CPU
		{837CD59C-78FA-4F7D-D2C3-470189855A10}.Release|Any CPU.ActiveCfg = Release|Any CPU
		{837CD59C-78FA-4F7D-D2C3-470189855A10}.Release|Any CPU.Build.0 = Release|Any CPU
		{B76EA51F-C43F-96E9-6BA8-2F574E32646F}.Debug|Any CPU.ActiveCfg = Debug|Any CPU
		{B76EA51F-C43F-96E9-6BA8-2F574E32646F}.Debug|Any CPU.Build.0 = Debug|Any CPU
		{B76EA51F-C43F-96E9-6BA8-2F574E32646F}.Release|Any CPU.ActiveCfg = Release|Any CPU
		{B76EA51F-C43F-96E9-6BA8-2F574E32646F}.Release|Any CPU.Build.0 = Release|Any CPU
		{04C6C58C-2CC2-2F6E-5C06-34D97CFAE2C9}.Debug|Any CPU.ActiveCfg = Debug|Any CPU
		{04C6C58C-2CC2-2F6E-5C06-34D97CFAE2C9}.Debug|Any CPU.Build.0 = Debug|Any CPU
		{04C6C58C-2CC2-2F6E-5C06-34D97CFAE2C9}.Release|Any CPU.ActiveCfg = Release|Any CPU
		{04C6C58C-2CC2-2F6E-5C06-34D97CFAE2C9}.Release|Any CPU.Build.0 = Release|Any CPU
		{BA59F4A0-CA78-5746-030E-52C4DE9D7068}.Debug|Any CPU.ActiveCfg = Debug|Any CPU
		{BA59F4A0-CA78-5746-030E-52C4DE9D7068}.Debug|Any CPU.Build.0 = Debug|Any CPU
		{BA59F4A0-CA78-5746-030E-52C4DE9D7068}.Release|Any CPU.ActiveCfg = Release|Any CPU
		{BA59F4A0-CA78-5746-030E-52C4DE9D7068}.Release|Any CPU.Build.0 = Release|Any CPU
		{C886395B-5DAC-16FD-A575-C06EB25C8ACE}.Debug|Any CPU.ActiveCfg = Debug|Any CPU
		{C886395B-5DAC-16FD-A575-C06EB25C8ACE}.Debug|Any CPU.Build.0 = Debug|Any CPU
		{C886395B-5DAC-16FD-A575-C06EB25C8ACE}.Release|Any CPU.ActiveCfg = Release|Any CPU
		{C886395B-5DAC-16FD-A575-C06EB25C8ACE}.Release|Any CPU.Build.0 = Release|Any CPU
		{1D285594-F56C-23D6-A0F3-8BC2903A67D2}.Debug|Any CPU.ActiveCfg = Debug|Any CPU
		{1D285594-F56C-23D6-A0F3-8BC2903A67D2}.Debug|Any CPU.Build.0 = Debug|Any CPU
		{1D285594-F56C-23D6-A0F3-8BC2903A67D2}.Release|Any CPU.ActiveCfg = Release|Any CPU
		{1D285594-F56C-23D6-A0F3-8BC2903A67D2}.Release|Any CPU.Build.0 = Release|Any CPU
		{57C74924-3ABB-A02C-DBF9-904B6844AB4A}.Debug|Any CPU.ActiveCfg = Debug|Any CPU
		{57C74924-3ABB-A02C-DBF9-904B6844AB4A}.Debug|Any CPU.Build.0 = Debug|Any CPU
		{57C74924-3ABB-A02C-DBF9-904B6844AB4A}.Release|Any CPU.ActiveCfg = Release|Any CPU
		{57C74924-3ABB-A02C-DBF9-904B6844AB4A}.Release|Any CPU.Build.0 = Release|Any CPU
		{3AA10F8C-108A-1E92-F6E9-8EF67D19A744}.Debug|Any CPU.ActiveCfg = Debug|Any CPU
		{3AA10F8C-108A-1E92-F6E9-8EF67D19A744}.Debug|Any CPU.Build.0 = Debug|Any CPU
		{3AA10F8C-108A-1E92-F6E9-8EF67D19A744}.Release|Any CPU.ActiveCfg = Release|Any CPU
		{3AA10F8C-108A-1E92-F6E9-8EF67D19A744}.Release|Any CPU.Build.0 = Release|Any CPU
		{7D81D63A-48A5-7590-E492-8C8E09003D78}.Debug|Any CPU.ActiveCfg = Debug|Any CPU
		{7D81D63A-48A5-7590-E492-8C8E09003D78}.Debug|Any CPU.Build.0 = Debug|Any CPU
		{7D81D63A-48A5-7590-E492-8C8E09003D78}.Release|Any CPU.ActiveCfg = Release|Any CPU
		{7D81D63A-48A5-7590-E492-8C8E09003D78}.Release|Any CPU.Build.0 = Release|Any CPU
		{B73AFBCF-B0F7-DBA7-7E8C-88F3DABC5AE3}.Debug|Any CPU.ActiveCfg = Debug|Any CPU
		{B73AFBCF-B0F7-DBA7-7E8C-88F3DABC5AE3}.Debug|Any CPU.Build.0 = Debug|Any CPU
		{B73AFBCF-B0F7-DBA7-7E8C-88F3DABC5AE3}.Release|Any CPU.ActiveCfg = Release|Any CPU
		{B73AFBCF-B0F7-DBA7-7E8C-88F3DABC5AE3}.Release|Any CPU.Build.0 = Release|Any CPU
		{4278FEB1-CA8E-9B49-774F-D033FDB2083A}.Debug|Any CPU.ActiveCfg = Debug|Any CPU
		{4278FEB1-CA8E-9B49-774F-D033FDB2083A}.Debug|Any CPU.Build.0 = Debug|Any CPU
		{4278FEB1-CA8E-9B49-774F-D033FDB2083A}.Release|Any CPU.ActiveCfg = Release|Any CPU
		{4278FEB1-CA8E-9B49-774F-D033FDB2083A}.Release|Any CPU.Build.0 = Release|Any CPU
		{496A3664-1542-0C67-DE72-D8987E124FA8}.Debug|Any CPU.ActiveCfg = Debug|Any CPU
		{496A3664-1542-0C67-DE72-D8987E124FA8}.Debug|Any CPU.Build.0 = Debug|Any CPU
		{496A3664-1542-0C67-DE72-D8987E124FA8}.Release|Any CPU.ActiveCfg = Release|Any CPU
		{496A3664-1542-0C67-DE72-D8987E124FA8}.Release|Any CPU.Build.0 = Release|Any CPU
		{27050AD7-8475-67F9-F985-BB75938B6F14}.Debug|Any CPU.ActiveCfg = Debug|Any CPU
		{27050AD7-8475-67F9-F985-BB75938B6F14}.Debug|Any CPU.Build.0 = Debug|Any CPU
		{27050AD7-8475-67F9-F985-BB75938B6F14}.Release|Any CPU.ActiveCfg = Release|Any CPU
		{27050AD7-8475-67F9-F985-BB75938B6F14}.Release|Any CPU.Build.0 = Release|Any CPU
		{A271A9A4-0268-CB5B-4E15-FA642FF045B8}.Debug|Any CPU.ActiveCfg = Debug|Any CPU
		{A271A9A4-0268-CB5B-4E15-FA642FF045B8}.Debug|Any CPU.Build.0 = Debug|Any CPU
		{A271A9A4-0268-CB5B-4E15-FA642FF045B8}.Release|Any CPU.ActiveCfg = Release|Any CPU
		{A271A9A4-0268-CB5B-4E15-FA642FF045B8}.Release|Any CPU.Build.0 = Release|Any CPU
		{1C0A10C6-B4CC-2120-E5A2-F51CDF56776E}.Debug|Any CPU.ActiveCfg = Debug|Any CPU
		{1C0A10C6-B4CC-2120-E5A2-F51CDF56776E}.Debug|Any CPU.Build.0 = Debug|Any CPU
		{1C0A10C6-B4CC-2120-E5A2-F51CDF56776E}.Release|Any CPU.ActiveCfg = Release|Any CPU
		{1C0A10C6-B4CC-2120-E5A2-F51CDF56776E}.Release|Any CPU.Build.0 = Release|Any CPU
		{958DB85A-A372-96AE-69C3-1D98024B30FA}.Debug|Any CPU.ActiveCfg = Debug|Any CPU
		{958DB85A-A372-96AE-69C3-1D98024B30FA}.Debug|Any CPU.Build.0 = Debug|Any CPU
		{958DB85A-A372-96AE-69C3-1D98024B30FA}.Release|Any CPU.ActiveCfg = Release|Any CPU
		{958DB85A-A372-96AE-69C3-1D98024B30FA}.Release|Any CPU.Build.0 = Release|Any CPU
		{BE2C1791-DABA-CF16-0B2B-F70824B674D7}.Debug|Any CPU.ActiveCfg = Debug|Any CPU
		{BE2C1791-DABA-CF16-0B2B-F70824B674D7}.Debug|Any CPU.Build.0 = Debug|Any CPU
		{BE2C1791-DABA-CF16-0B2B-F70824B674D7}.Release|Any CPU.ActiveCfg = Release|Any CPU
		{BE2C1791-DABA-CF16-0B2B-F70824B674D7}.Release|Any CPU.Build.0 = Release|Any CPU
		{A55BD1CA-07B4-D675-A90A-D4A4E509C646}.Debug|Any CPU.ActiveCfg = Debug|Any CPU
		{A55BD1CA-07B4-D675-A90A-D4A4E509C646}.Debug|Any CPU.Build.0 = Debug|Any CPU
		{A55BD1CA-07B4-D675-A90A-D4A4E509C646}.Release|Any CPU.ActiveCfg = Release|Any CPU
		{A55BD1CA-07B4-D675-A90A-D4A4E509C646}.Release|Any CPU.Build.0 = Release|Any CPU
		{FCE407DD-9D71-6C5D-40F4-776876BDE528}.Debug|Any CPU.ActiveCfg = Debug|Any CPU
		{FCE407DD-9D71-6C5D-40F4-776876BDE528}.Debug|Any CPU.Build.0 = Debug|Any CPU
		{FCE407DD-9D71-6C5D-40F4-776876BDE528}.Release|Any CPU.ActiveCfg = Release|Any CPU
		{FCE407DD-9D71-6C5D-40F4-776876BDE528}.Release|Any CPU.Build.0 = Release|Any CPU
		{2CBE34EB-4523-99D3-D69E-0B6441A2C4C6}.Debug|Any CPU.ActiveCfg = Debug|Any CPU
		{2CBE34EB-4523-99D3-D69E-0B6441A2C4C6}.Debug|Any CPU.Build.0 = Debug|Any CPU
		{2CBE34EB-4523-99D3-D69E-0B6441A2C4C6}.Release|Any CPU.ActiveCfg = Release|Any CPU
		{2CBE34EB-4523-99D3-D69E-0B6441A2C4C6}.Release|Any CPU.Build.0 = Release|Any CPU
		{B48C3752-E85C-CDE7-E03C-C19E900663A9}.Debug|Any CPU.ActiveCfg = Debug|Any CPU
		{B48C3752-E85C-CDE7-E03C-C19E900663A9}.Debug|Any CPU.Build.0 = Debug|Any CPU
		{B48C3752-E85C-CDE7-E03C-C19E900663A9}.Release|Any CPU.ActiveCfg = Release|Any CPU
		{B48C3752-E85C-CDE7-E03C-C19E900663A9}.Release|Any CPU.Build.0 = Release|Any CPU
		{C51E2562-CBA1-9B2B-0AB2-984D2C53A8CB}.Debug|Any CPU.ActiveCfg = Debug|Any CPU
		{C51E2562-CBA1-9B2B-0AB2-984D2C53A8CB}.Debug|Any CPU.Build.0 = Debug|Any CPU
		{C51E2562-CBA1-9B2B-0AB2-984D2C53A8CB}.Release|Any CPU.ActiveCfg = Release|Any CPU
		{C51E2562-CBA1-9B2B-0AB2-984D2C53A8CB}.Release|Any CPU.Build.0 = Release|Any CPU
		{BB116E67-11AF-8BB9-56FC-6AF181686B50}.Debug|Any CPU.ActiveCfg = Debug|Any CPU
		{BB116E67-11AF-8BB9-56FC-6AF181686B50}.Debug|Any CPU.Build.0 = Debug|Any CPU
		{BB116E67-11AF-8BB9-56FC-6AF181686B50}.Release|Any CPU.ActiveCfg = Release|Any CPU
		{BB116E67-11AF-8BB9-56FC-6AF181686B50}.Release|Any CPU.Build.0 = Release|Any CPU
		{B7DA14D6-D042-3976-E49E-B498FAD05385}.Debug|Any CPU.ActiveCfg = Debug|Any CPU
		{B7DA14D6-D042-3976-E49E-B498FAD05385}.Debug|Any CPU.Build.0 = Debug|Any CPU
		{B7DA14D6-D042-3976-E49E-B498FAD05385}.Release|Any CPU.ActiveCfg = Release|Any CPU
		{B7DA14D6-D042-3976-E49E-B498FAD05385}.Release|Any CPU.Build.0 = Release|Any CPU
		{67DD53FC-E1EE-DE8D-4BE9-AD3FE0DB8351}.Debug|Any CPU.ActiveCfg = Debug|Any CPU
		{67DD53FC-E1EE-DE8D-4BE9-AD3FE0DB8351}.Debug|Any CPU.Build.0 = Debug|Any CPU
		{67DD53FC-E1EE-DE8D-4BE9-AD3FE0DB8351}.Release|Any CPU.ActiveCfg = Release|Any CPU
		{67DD53FC-E1EE-DE8D-4BE9-AD3FE0DB8351}.Release|Any CPU.Build.0 = Release|Any CPU
		{654C4CFB-7849-EDD1-E501-EF5F8C7B5AC1}.Debug|Any CPU.ActiveCfg = Debug|Any CPU
		{654C4CFB-7849-EDD1-E501-EF5F8C7B5AC1}.Debug|Any CPU.Build.0 = Debug|Any CPU
		{654C4CFB-7849-EDD1-E501-EF5F8C7B5AC1}.Release|Any CPU.ActiveCfg = Release|Any CPU
		{654C4CFB-7849-EDD1-E501-EF5F8C7B5AC1}.Release|Any CPU.Build.0 = Release|Any CPU
		{10C78971-3C2B-AAA5-0A4B-257B08117C60}.Debug|Any CPU.ActiveCfg = Debug|Any CPU
		{10C78971-3C2B-AAA5-0A4B-257B08117C60}.Debug|Any CPU.Build.0 = Debug|Any CPU
		{10C78971-3C2B-AAA5-0A4B-257B08117C60}.Release|Any CPU.ActiveCfg = Release|Any CPU
		{10C78971-3C2B-AAA5-0A4B-257B08117C60}.Release|Any CPU.Build.0 = Release|Any CPU
		{BAB68A9B-337A-5610-F93D-160695B20511}.Debug|Any CPU.ActiveCfg = Debug|Any CPU
		{BAB68A9B-337A-5610-F93D-160695B20511}.Debug|Any CPU.Build.0 = Debug|Any CPU
		{BAB68A9B-337A-5610-F93D-160695B20511}.Release|Any CPU.ActiveCfg = Release|Any CPU
		{BAB68A9B-337A-5610-F93D-160695B20511}.Release|Any CPU.Build.0 = Release|Any CPU
		{55E804AE-9E74-B065-81E3-7A359A6DE974}.Debug|Any CPU.ActiveCfg = Debug|Any CPU
		{55E804AE-9E74-B065-81E3-7A359A6DE974}.Debug|Any CPU.Build.0 = Debug|Any CPU
		{55E804AE-9E74-B065-81E3-7A359A6DE974}.Release|Any CPU.ActiveCfg = Release|Any CPU
		{55E804AE-9E74-B065-81E3-7A359A6DE974}.Release|Any CPU.Build.0 = Release|Any CPU
		{5AB3BD60-86F1-3ED2-A924-BC682B2C0AA9}.Debug|Any CPU.ActiveCfg = Debug|Any CPU
		{5AB3BD60-86F1-3ED2-A924-BC682B2C0AA9}.Debug|Any CPU.Build.0 = Debug|Any CPU
		{5AB3BD60-86F1-3ED2-A924-BC682B2C0AA9}.Release|Any CPU.ActiveCfg = Release|Any CPU
		{5AB3BD60-86F1-3ED2-A924-BC682B2C0AA9}.Release|Any CPU.Build.0 = Release|Any CPU
		{DE0E3390-8C9D-6806-ABB9-91EEE6E9DDE0}.Debug|Any CPU.ActiveCfg = Debug|Any CPU
		{DE0E3390-8C9D-6806-ABB9-91EEE6E9DDE0}.Debug|Any CPU.Build.0 = Debug|Any CPU
		{DE0E3390-8C9D-6806-ABB9-91EEE6E9DDE0}.Release|Any CPU.ActiveCfg = Release|Any CPU
		{DE0E3390-8C9D-6806-ABB9-91EEE6E9DDE0}.Release|Any CPU.Build.0 = Release|Any CPU
		{BA5A0217-17F8-B9E2-28E3-26E94B142871}.Debug|Any CPU.ActiveCfg = Debug|Any CPU
		{BA5A0217-17F8-B9E2-28E3-26E94B142871}.Debug|Any CPU.Build.0 = Debug|Any CPU
		{BA5A0217-17F8-B9E2-28E3-26E94B142871}.Release|Any CPU.ActiveCfg = Release|Any CPU
		{BA5A0217-17F8-B9E2-28E3-26E94B142871}.Release|Any CPU.Build.0 = Release|Any CPU
		{C753BD6C-8A01-5814-CAE1-540B31DC26DC}.Debug|Any CPU.ActiveCfg = Debug|Any CPU
		{C753BD6C-8A01-5814-CAE1-540B31DC26DC}.Debug|Any CPU.Build.0 = Debug|Any CPU
		{C753BD6C-8A01-5814-CAE1-540B31DC26DC}.Release|Any CPU.ActiveCfg = Release|Any CPU
		{C753BD6C-8A01-5814-CAE1-540B31DC26DC}.Release|Any CPU.Build.0 = Release|Any CPU
		{3C74F73D-23AD-3212-22EE-3DBB28F06472}.Debug|Any CPU.ActiveCfg = Debug|Any CPU
		{3C74F73D-23AD-3212-22EE-3DBB28F06472}.Debug|Any CPU.Build.0 = Debug|Any CPU
		{3C74F73D-23AD-3212-22EE-3DBB28F06472}.Release|Any CPU.ActiveCfg = Release|Any CPU
		{3C74F73D-23AD-3212-22EE-3DBB28F06472}.Release|Any CPU.Build.0 = Release|Any CPU
		{6D403D19-3DE2-7077-A3A1-A447D832283C}.Debug|Any CPU.ActiveCfg = Debug|Any CPU
		{6D403D19-3DE2-7077-A3A1-A447D832283C}.Debug|Any CPU.Build.0 = Debug|Any CPU
		{6D403D19-3DE2-7077-A3A1-A447D832283C}.Release|Any CPU.ActiveCfg = Release|Any CPU
		{6D403D19-3DE2-7077-A3A1-A447D832283C}.Release|Any CPU.Build.0 = Release|Any CPU
		{EE96B760-C470-9AC6-5A15-3D72CD9C4E4F}.Debug|Any CPU.ActiveCfg = Debug|Any CPU
		{EE96B760-C470-9AC6-5A15-3D72CD9C4E4F}.Debug|Any CPU.Build.0 = Debug|Any CPU
		{EE96B760-C470-9AC6-5A15-3D72CD9C4E4F}.Release|Any CPU.ActiveCfg = Release|Any CPU
		{EE96B760-C470-9AC6-5A15-3D72CD9C4E4F}.Release|Any CPU.Build.0 = Release|Any CPU
		{F6EC0859-622E-52EB-3430-7E6307A3D098}.Debug|Any CPU.ActiveCfg = Debug|Any CPU
		{F6EC0859-622E-52EB-3430-7E6307A3D098}.Debug|Any CPU.Build.0 = Debug|Any CPU
		{F6EC0859-622E-52EB-3430-7E6307A3D098}.Release|Any CPU.ActiveCfg = Release|Any CPU
		{F6EC0859-622E-52EB-3430-7E6307A3D098}.Release|Any CPU.Build.0 = Release|Any CPU
		{670EA843-E897-CB6D-8FCE-3FA57E396BC7}.Debug|Any CPU.ActiveCfg = Debug|Any CPU
		{670EA843-E897-CB6D-8FCE-3FA57E396BC7}.Debug|Any CPU.Build.0 = Debug|Any CPU
		{670EA843-E897-CB6D-8FCE-3FA57E396BC7}.Release|Any CPU.ActiveCfg = Release|Any CPU
		{670EA843-E897-CB6D-8FCE-3FA57E396BC7}.Release|Any CPU.Build.0 = Release|Any CPU
		{E34FCCD8-6E75-BAF8-11B9-B634C3F5B016}.Debug|Any CPU.ActiveCfg = Debug|Any CPU
		{E34FCCD8-6E75-BAF8-11B9-B634C3F5B016}.Debug|Any CPU.Build.0 = Debug|Any CPU
		{E34FCCD8-6E75-BAF8-11B9-B634C3F5B016}.Release|Any CPU.ActiveCfg = Release|Any CPU
		{E34FCCD8-6E75-BAF8-11B9-B634C3F5B016}.Release|Any CPU.Build.0 = Release|Any CPU
		{467EAA53-3393-588E-CACD-64C0A8541A91}.Debug|Any CPU.ActiveCfg = Debug|Any CPU
		{467EAA53-3393-588E-CACD-64C0A8541A91}.Debug|Any CPU.Build.0 = Debug|Any CPU
		{467EAA53-3393-588E-CACD-64C0A8541A91}.Release|Any CPU.ActiveCfg = Release|Any CPU
		{467EAA53-3393-588E-CACD-64C0A8541A91}.Release|Any CPU.Build.0 = Release|Any CPU
		{24A0E79E-6ED1-6F6C-D626-C0F2AB499AE4}.Debug|Any CPU.ActiveCfg = Debug|Any CPU
		{24A0E79E-6ED1-6F6C-D626-C0F2AB499AE4}.Debug|Any CPU.Build.0 = Debug|Any CPU
		{24A0E79E-6ED1-6F6C-D626-C0F2AB499AE4}.Release|Any CPU.ActiveCfg = Release|Any CPU
		{24A0E79E-6ED1-6F6C-D626-C0F2AB499AE4}.Release|Any CPU.Build.0 = Release|Any CPU
		{03848A7A-BCA0-FE2F-EAB4-B1C279F0E526}.Debug|Any CPU.ActiveCfg = Debug|Any CPU
		{03848A7A-BCA0-FE2F-EAB4-B1C279F0E526}.Debug|Any CPU.Build.0 = Debug|Any CPU
		{03848A7A-BCA0-FE2F-EAB4-B1C279F0E526}.Release|Any CPU.ActiveCfg = Release|Any CPU
		{03848A7A-BCA0-FE2F-EAB4-B1C279F0E526}.Release|Any CPU.Build.0 = Release|Any CPU
		{0005003C-5322-82F8-8551-EBA37E0741A5}.Debug|Any CPU.ActiveCfg = Debug|Any CPU
		{0005003C-5322-82F8-8551-EBA37E0741A5}.Debug|Any CPU.Build.0 = Debug|Any CPU
		{0005003C-5322-82F8-8551-EBA37E0741A5}.Release|Any CPU.ActiveCfg = Release|Any CPU
		{0005003C-5322-82F8-8551-EBA37E0741A5}.Release|Any CPU.Build.0 = Release|Any CPU
		{C886F5CF-915D-3B8F-AABE-F0224D6306BC}.Debug|Any CPU.ActiveCfg = Debug|Any CPU
		{C886F5CF-915D-3B8F-AABE-F0224D6306BC}.Debug|Any CPU.Build.0 = Debug|Any CPU
		{C886F5CF-915D-3B8F-AABE-F0224D6306BC}.Release|Any CPU.ActiveCfg = Release|Any CPU
		{C886F5CF-915D-3B8F-AABE-F0224D6306BC}.Release|Any CPU.Build.0 = Release|Any CPU
		{A9F8B9A9-2D03-168C-23D6-2A0278F1C8AD}.Debug|Any CPU.ActiveCfg = Debug|Any CPU
		{A9F8B9A9-2D03-168C-23D6-2A0278F1C8AD}.Debug|Any CPU.Build.0 = Debug|Any CPU
		{A9F8B9A9-2D03-168C-23D6-2A0278F1C8AD}.Release|Any CPU.ActiveCfg = Release|Any CPU
		{A9F8B9A9-2D03-168C-23D6-2A0278F1C8AD}.Release|Any CPU.Build.0 = Release|Any CPU
		{252BEF99-CDDC-896C-AE22-759A6C3B3891}.Debug|Any CPU.ActiveCfg = Debug|Any CPU
		{252BEF99-CDDC-896C-AE22-759A6C3B3891}.Debug|Any CPU.Build.0 = Debug|Any CPU
		{252BEF99-CDDC-896C-AE22-759A6C3B3891}.Release|Any CPU.ActiveCfg = Release|Any CPU
		{252BEF99-CDDC-896C-AE22-759A6C3B3891}.Release|Any CPU.Build.0 = Release|Any CPU
		{08ADDFE5-5AA5-3CA4-7022-90433C05A52C}.Debug|Any CPU.ActiveCfg = Debug|Any CPU
		{08ADDFE5-5AA5-3CA4-7022-90433C05A52C}.Debug|Any CPU.Build.0 = Debug|Any CPU
		{08ADDFE5-5AA5-3CA4-7022-90433C05A52C}.Release|Any CPU.ActiveCfg = Release|Any CPU
		{08ADDFE5-5AA5-3CA4-7022-90433C05A52C}.Release|Any CPU.Build.0 = Release|Any CPU
		{CECA2A1C-8FEE-C954-367C-BD8BD5E90885}.Debug|Any CPU.ActiveCfg = Debug|Any CPU
		{CECA2A1C-8FEE-C954-367C-BD8BD5E90885}.Debug|Any CPU.Build.0 = Debug|Any CPU
		{CECA2A1C-8FEE-C954-367C-BD8BD5E90885}.Release|Any CPU.ActiveCfg = Release|Any CPU
		{CECA2A1C-8FEE-C954-367C-BD8BD5E90885}.Release|Any CPU.Build.0 = Release|Any CPU
		{1BE9E725-EE0D-DAA6-943A-894824F4687C}.Debug|Any CPU.ActiveCfg = Debug|Any CPU
		{1BE9E725-EE0D-DAA6-943A-894824F4687C}.Debug|Any CPU.Build.0 = Debug|Any CPU
		{1BE9E725-EE0D-DAA6-943A-894824F4687C}.Release|Any CPU.ActiveCfg = Release|Any CPU
		{1BE9E725-EE0D-DAA6-943A-894824F4687C}.Release|Any CPU.Build.0 = Release|Any CPU
		{8C079299-AAA8-7EAF-597F-74CA52023A65}.Debug|Any CPU.ActiveCfg = Debug|Any CPU
		{8C079299-AAA8-7EAF-597F-74CA52023A65}.Debug|Any CPU.Build.0 = Debug|Any CPU
		{8C079299-AAA8-7EAF-597F-74CA52023A65}.Release|Any CPU.ActiveCfg = Release|Any CPU
		{8C079299-AAA8-7EAF-597F-74CA52023A65}.Release|Any CPU.Build.0 = Release|Any CPU
		{9F409A5F-CEEF-D3C3-3729-1073204A4F66}.Debug|Any CPU.ActiveCfg = Debug|Any CPU
		{9F409A5F-CEEF-D3C3-3729-1073204A4F66}.Debug|Any CPU.Build.0 = Debug|Any CPU
		{9F409A5F-CEEF-D3C3-3729-1073204A4F66}.Release|Any CPU.ActiveCfg = Release|Any CPU
		{9F409A5F-CEEF-D3C3-3729-1073204A4F66}.Release|Any CPU.Build.0 = Release|Any CPU
		{3B2661C8-9E92-C5DC-3317-6E9BE87C3561}.Debug|Any CPU.ActiveCfg = Debug|Any CPU
		{3B2661C8-9E92-C5DC-3317-6E9BE87C3561}.Debug|Any CPU.Build.0 = Debug|Any CPU
		{3B2661C8-9E92-C5DC-3317-6E9BE87C3561}.Release|Any CPU.ActiveCfg = Release|Any CPU
		{3B2661C8-9E92-C5DC-3317-6E9BE87C3561}.Release|Any CPU.Build.0 = Release|Any CPU
		{E97935B1-EB65-D48C-032C-945ED9E5A51A}.Debug|Any CPU.ActiveCfg = Debug|Any CPU
		{E97935B1-EB65-D48C-032C-945ED9E5A51A}.Debug|Any CPU.Build.0 = Debug|Any CPU
		{E97935B1-EB65-D48C-032C-945ED9E5A51A}.Release|Any CPU.ActiveCfg = Release|Any CPU
		{E97935B1-EB65-D48C-032C-945ED9E5A51A}.Release|Any CPU.Build.0 = Release|Any CPU
		{36C38827-2F2B-B162-75CF-EAB3BF68C22B}.Debug|Any CPU.ActiveCfg = Debug|Any CPU
		{36C38827-2F2B-B162-75CF-EAB3BF68C22B}.Debug|Any CPU.Build.0 = Debug|Any CPU
		{36C38827-2F2B-B162-75CF-EAB3BF68C22B}.Release|Any CPU.ActiveCfg = Release|Any CPU
		{36C38827-2F2B-B162-75CF-EAB3BF68C22B}.Release|Any CPU.Build.0 = Release|Any CPU
		{DC6F346B-5CE2-E263-42AE-4B5A3F046EB4}.Debug|Any CPU.ActiveCfg = Debug|Any CPU
		{DC6F346B-5CE2-E263-42AE-4B5A3F046EB4}.Debug|Any CPU.Build.0 = Debug|Any CPU
		{DC6F346B-5CE2-E263-42AE-4B5A3F046EB4}.Release|Any CPU.ActiveCfg = Release|Any CPU
		{DC6F346B-5CE2-E263-42AE-4B5A3F046EB4}.Release|Any CPU.Build.0 = Release|Any CPU
		{70BA2EFD-AA67-1E21-6460-32BF4678D5D7}.Debug|Any CPU.ActiveCfg = Debug|Any CPU
		{70BA2EFD-AA67-1E21-6460-32BF4678D5D7}.Debug|Any CPU.Build.0 = Debug|Any CPU
		{70BA2EFD-AA67-1E21-6460-32BF4678D5D7}.Release|Any CPU.ActiveCfg = Release|Any CPU
		{70BA2EFD-AA67-1E21-6460-32BF4678D5D7}.Release|Any CPU.Build.0 = Release|Any CPU
		{E59E3315-6D4F-37E4-EB2E-6FB1A6A2D8E7}.Debug|Any CPU.ActiveCfg = Debug|Any CPU
		{E59E3315-6D4F-37E4-EB2E-6FB1A6A2D8E7}.Debug|Any CPU.Build.0 = Debug|Any CPU
		{E59E3315-6D4F-37E4-EB2E-6FB1A6A2D8E7}.Release|Any CPU.ActiveCfg = Release|Any CPU
		{E59E3315-6D4F-37E4-EB2E-6FB1A6A2D8E7}.Release|Any CPU.Build.0 = Release|Any CPU
		{C213931B-0F97-C7A2-523F-11B210FD4595}.Debug|Any CPU.ActiveCfg = Debug|Any CPU
		{C213931B-0F97-C7A2-523F-11B210FD4595}.Debug|Any CPU.Build.0 = Debug|Any CPU
		{C213931B-0F97-C7A2-523F-11B210FD4595}.Release|Any CPU.ActiveCfg = Release|Any CPU
		{C213931B-0F97-C7A2-523F-11B210FD4595}.Release|Any CPU.Build.0 = Release|Any CPU
		{4C46BB64-A950-0B8E-16FC-F39C808E1F09}.Debug|Any CPU.ActiveCfg = Debug|Any CPU
		{4C46BB64-A950-0B8E-16FC-F39C808E1F09}.Debug|Any CPU.Build.0 = Debug|Any CPU
		{4C46BB64-A950-0B8E-16FC-F39C808E1F09}.Release|Any CPU.ActiveCfg = Release|Any CPU
		{4C46BB64-A950-0B8E-16FC-F39C808E1F09}.Release|Any CPU.Build.0 = Release|Any CPU
		{FCDC34F0-4042-DFA9-C2C2-06A431FFC698}.Debug|Any CPU.ActiveCfg = Debug|Any CPU
		{FCDC34F0-4042-DFA9-C2C2-06A431FFC698}.Debug|Any CPU.Build.0 = Debug|Any CPU
		{FCDC34F0-4042-DFA9-C2C2-06A431FFC698}.Release|Any CPU.ActiveCfg = Release|Any CPU
		{FCDC34F0-4042-DFA9-C2C2-06A431FFC698}.Release|Any CPU.Build.0 = Release|Any CPU
		{1128429B-38F1-3BC3-74FA-09F66E3B5125}.Debug|Any CPU.ActiveCfg = Debug|Any CPU
		{1128429B-38F1-3BC3-74FA-09F66E3B5125}.Debug|Any CPU.Build.0 = Debug|Any CPU
		{1128429B-38F1-3BC3-74FA-09F66E3B5125}.Release|Any CPU.ActiveCfg = Release|Any CPU
		{1128429B-38F1-3BC3-74FA-09F66E3B5125}.Release|Any CPU.Build.0 = Release|Any CPU
		{8F3EF1CE-C1C6-F195-0C1C-4CC2A5044580}.Debug|Any CPU.ActiveCfg = Debug|Any CPU
		{8F3EF1CE-C1C6-F195-0C1C-4CC2A5044580}.Debug|Any CPU.Build.0 = Debug|Any CPU
		{8F3EF1CE-C1C6-F195-0C1C-4CC2A5044580}.Release|Any CPU.ActiveCfg = Release|Any CPU
		{8F3EF1CE-C1C6-F195-0C1C-4CC2A5044580}.Release|Any CPU.Build.0 = Release|Any CPU
		{161F9D4D-2B37-57C5-A4CC-B0501AAE1D43}.Debug|Any CPU.ActiveCfg = Debug|Any CPU
		{161F9D4D-2B37-57C5-A4CC-B0501AAE1D43}.Debug|Any CPU.Build.0 = Debug|Any CPU
		{161F9D4D-2B37-57C5-A4CC-B0501AAE1D43}.Release|Any CPU.ActiveCfg = Release|Any CPU
		{161F9D4D-2B37-57C5-A4CC-B0501AAE1D43}.Release|Any CPU.Build.0 = Release|Any CPU
		{80CC725F-5961-89C6-DE70-89D7D854EACD}.Debug|Any CPU.ActiveCfg = Debug|Any CPU
		{80CC725F-5961-89C6-DE70-89D7D854EACD}.Debug|Any CPU.Build.0 = Debug|Any CPU
		{80CC725F-5961-89C6-DE70-89D7D854EACD}.Release|Any CPU.ActiveCfg = Release|Any CPU
		{80CC725F-5961-89C6-DE70-89D7D854EACD}.Release|Any CPU.Build.0 = Release|Any CPU
		{F8200307-7AF9-9A92-78B0-B349C7FE47ED}.Debug|Any CPU.ActiveCfg = Debug|Any CPU
		{F8200307-7AF9-9A92-78B0-B349C7FE47ED}.Debug|Any CPU.Build.0 = Debug|Any CPU
		{F8200307-7AF9-9A92-78B0-B349C7FE47ED}.Release|Any CPU.ActiveCfg = Release|Any CPU
		{F8200307-7AF9-9A92-78B0-B349C7FE47ED}.Release|Any CPU.Build.0 = Release|Any CPU
		{ADD4AA0B-55F3-744F-3833-9F7245B37D2F}.Debug|Any CPU.ActiveCfg = Debug|Any CPU
		{ADD4AA0B-55F3-744F-3833-9F7245B37D2F}.Debug|Any CPU.Build.0 = Debug|Any CPU
		{ADD4AA0B-55F3-744F-3833-9F7245B37D2F}.Release|Any CPU.ActiveCfg = Release|Any CPU
		{ADD4AA0B-55F3-744F-3833-9F7245B37D2F}.Release|Any CPU.Build.0 = Release|Any CPU
		{215237A2-0AAD-CC7D-89F5-95A3200D8789}.Debug|Any CPU.ActiveCfg = Debug|Any CPU
		{215237A2-0AAD-CC7D-89F5-95A3200D8789}.Debug|Any CPU.Build.0 = Debug|Any CPU
		{215237A2-0AAD-CC7D-89F5-95A3200D8789}.Release|Any CPU.ActiveCfg = Release|Any CPU
		{215237A2-0AAD-CC7D-89F5-95A3200D8789}.Release|Any CPU.Build.0 = Release|Any CPU
		{9D96B8F6-B778-08D0-2240-D81763C8370C}.Debug|Any CPU.ActiveCfg = Debug|Any CPU
		{9D96B8F6-B778-08D0-2240-D81763C8370C}.Debug|Any CPU.Build.0 = Debug|Any CPU
		{9D96B8F6-B778-08D0-2240-D81763C8370C}.Release|Any CPU.ActiveCfg = Release|Any CPU
		{9D96B8F6-B778-08D0-2240-D81763C8370C}.Release|Any CPU.Build.0 = Release|Any CPU
		{D7A4ABE7-30D0-BF5D-461F-BEDC69E5C405}.Debug|Any CPU.ActiveCfg = Debug|Any CPU
		{D7A4ABE7-30D0-BF5D-461F-BEDC69E5C405}.Debug|Any CPU.Build.0 = Debug|Any CPU
		{D7A4ABE7-30D0-BF5D-461F-BEDC69E5C405}.Release|Any CPU.ActiveCfg = Release|Any CPU
		{D7A4ABE7-30D0-BF5D-461F-BEDC69E5C405}.Release|Any CPU.Build.0 = Release|Any CPU
		{D73139A2-E59A-6D36-D552-57491E08C658}.Debug|Any CPU.ActiveCfg = Debug|Any CPU
		{D73139A2-E59A-6D36-D552-57491E08C658}.Debug|Any CPU.Build.0 = Debug|Any CPU
		{D73139A2-E59A-6D36-D552-57491E08C658}.Release|Any CPU.ActiveCfg = Release|Any CPU
		{D73139A2-E59A-6D36-D552-57491E08C658}.Release|Any CPU.Build.0 = Release|Any CPU
		{8B9B6CD5-34C1-732F-341F-B7DFA5322E92}.Debug|Any CPU.ActiveCfg = Debug|Any CPU
		{8B9B6CD5-34C1-732F-341F-B7DFA5322E92}.Debug|Any CPU.Build.0 = Debug|Any CPU
		{8B9B6CD5-34C1-732F-341F-B7DFA5322E92}.Release|Any CPU.ActiveCfg = Release|Any CPU
		{8B9B6CD5-34C1-732F-341F-B7DFA5322E92}.Release|Any CPU.Build.0 = Release|Any CPU
		{7FED2755-4376-176A-8EA1-9975729199F8}.Debug|Any CPU.ActiveCfg = Debug|Any CPU
		{7FED2755-4376-176A-8EA1-9975729199F8}.Debug|Any CPU.Build.0 = Debug|Any CPU
		{7FED2755-4376-176A-8EA1-9975729199F8}.Release|Any CPU.ActiveCfg = Release|Any CPU
		{7FED2755-4376-176A-8EA1-9975729199F8}.Release|Any CPU.Build.0 = Release|Any CPU
		{DF82311C-4313-6D55-E7C5-91C75D315CFD}.Debug|Any CPU.ActiveCfg = Debug|Any CPU
		{DF82311C-4313-6D55-E7C5-91C75D315CFD}.Debug|Any CPU.Build.0 = Debug|Any CPU
		{DF82311C-4313-6D55-E7C5-91C75D315CFD}.Release|Any CPU.ActiveCfg = Release|Any CPU
		{DF82311C-4313-6D55-E7C5-91C75D315CFD}.Release|Any CPU.Build.0 = Release|Any CPU
		{D347E0C9-432D-74C8-F0C1-4555107124AB}.Debug|Any CPU.ActiveCfg = Debug|Any CPU
		{D347E0C9-432D-74C8-F0C1-4555107124AB}.Debug|Any CPU.Build.0 = Debug|Any CPU
		{D347E0C9-432D-74C8-F0C1-4555107124AB}.Release|Any CPU.ActiveCfg = Release|Any CPU
		{D347E0C9-432D-74C8-F0C1-4555107124AB}.Release|Any CPU.Build.0 = Release|Any CPU
		{09E52B49-CBEF-BE18-E07A-148C6984A4F6}.Debug|Any CPU.ActiveCfg = Debug|Any CPU
		{09E52B49-CBEF-BE18-E07A-148C6984A4F6}.Debug|Any CPU.Build.0 = Debug|Any CPU
		{09E52B49-CBEF-BE18-E07A-148C6984A4F6}.Release|Any CPU.ActiveCfg = Release|Any CPU
		{09E52B49-CBEF-BE18-E07A-148C6984A4F6}.Release|Any CPU.Build.0 = Release|Any CPU
		{4749D55F-5171-76E6-3381-2F6CAA57E2DA}.Debug|Any CPU.ActiveCfg = Debug|Any CPU
		{4749D55F-5171-76E6-3381-2F6CAA57E2DA}.Debug|Any CPU.Build.0 = Debug|Any CPU
		{4749D55F-5171-76E6-3381-2F6CAA57E2DA}.Release|Any CPU.ActiveCfg = Release|Any CPU
		{4749D55F-5171-76E6-3381-2F6CAA57E2DA}.Release|Any CPU.Build.0 = Release|Any CPU
		{4869EBA9-6C0E-4861-816E-096258494D03}.Debug|Any CPU.ActiveCfg = Debug|Any CPU
		{4869EBA9-6C0E-4861-816E-096258494D03}.Debug|Any CPU.Build.0 = Debug|Any CPU
		{4869EBA9-6C0E-4861-816E-096258494D03}.Release|Any CPU.ActiveCfg = Release|Any CPU
		{4869EBA9-6C0E-4861-816E-096258494D03}.Release|Any CPU.Build.0 = Release|Any CPU
		{E178154F-3C3A-0545-0D06-5B76C826A098}.Debug|Any CPU.ActiveCfg = Debug|Any CPU
		{E178154F-3C3A-0545-0D06-5B76C826A098}.Debug|Any CPU.Build.0 = Debug|Any CPU
		{E178154F-3C3A-0545-0D06-5B76C826A098}.Release|Any CPU.ActiveCfg = Release|Any CPU
		{E178154F-3C3A-0545-0D06-5B76C826A098}.Release|Any CPU.Build.0 = Release|Any CPU
		{B9333EBB-F794-52CE-6C1D-F6E2C023D14D}.Debug|Any CPU.ActiveCfg = Debug|Any CPU
		{B9333EBB-F794-52CE-6C1D-F6E2C023D14D}.Debug|Any CPU.Build.0 = Debug|Any CPU
		{B9333EBB-F794-52CE-6C1D-F6E2C023D14D}.Release|Any CPU.ActiveCfg = Release|Any CPU
		{B9333EBB-F794-52CE-6C1D-F6E2C023D14D}.Release|Any CPU.Build.0 = Release|Any CPU
		{1A051A37-B45E-FD29-11ED-B7CD38884686}.Debug|Any CPU.ActiveCfg = Debug|Any CPU
		{1A051A37-B45E-FD29-11ED-B7CD38884686}.Debug|Any CPU.Build.0 = Debug|Any CPU
		{1A051A37-B45E-FD29-11ED-B7CD38884686}.Release|Any CPU.ActiveCfg = Release|Any CPU
		{1A051A37-B45E-FD29-11ED-B7CD38884686}.Release|Any CPU.Build.0 = Release|Any CPU
		{4BEC6AD3-57C7-10C5-93F8-313D9B9EA93A}.Debug|Any CPU.ActiveCfg = Debug|Any CPU
		{4BEC6AD3-57C7-10C5-93F8-313D9B9EA93A}.Debug|Any CPU.Build.0 = Debug|Any CPU
		{4BEC6AD3-57C7-10C5-93F8-313D9B9EA93A}.Release|Any CPU.ActiveCfg = Release|Any CPU
		{4BEC6AD3-57C7-10C5-93F8-313D9B9EA93A}.Release|Any CPU.Build.0 = Release|Any CPU
		{61D14155-9D90-D0E2-5E5C-11B963281346}.Debug|Any CPU.ActiveCfg = Debug|Any CPU
		{61D14155-9D90-D0E2-5E5C-11B963281346}.Debug|Any CPU.Build.0 = Debug|Any CPU
		{61D14155-9D90-D0E2-5E5C-11B963281346}.Release|Any CPU.ActiveCfg = Release|Any CPU
		{61D14155-9D90-D0E2-5E5C-11B963281346}.Release|Any CPU.Build.0 = Release|Any CPU
		{EBA4E840-D79A-AF2C-FEA9-8F36AC174194}.Debug|Any CPU.ActiveCfg = Debug|Any CPU
		{EBA4E840-D79A-AF2C-FEA9-8F36AC174194}.Debug|Any CPU.Build.0 = Debug|Any CPU
		{EBA4E840-D79A-AF2C-FEA9-8F36AC174194}.Release|Any CPU.ActiveCfg = Release|Any CPU
		{EBA4E840-D79A-AF2C-FEA9-8F36AC174194}.Release|Any CPU.Build.0 = Release|Any CPU
		{8FB68BA9-A30F-7A2F-4399-EAFD4E554C6A}.Debug|Any CPU.ActiveCfg = Debug|Any CPU
		{8FB68BA9-A30F-7A2F-4399-EAFD4E554C6A}.Debug|Any CPU.Build.0 = Debug|Any CPU
		{8FB68BA9-A30F-7A2F-4399-EAFD4E554C6A}.Release|Any CPU.ActiveCfg = Release|Any CPU
		{8FB68BA9-A30F-7A2F-4399-EAFD4E554C6A}.Release|Any CPU.Build.0 = Release|Any CPU
		{BF0D2880-67FC-6A6E-464B-10678B39410B}.Debug|Any CPU.ActiveCfg = Debug|Any CPU
		{BF0D2880-67FC-6A6E-464B-10678B39410B}.Debug|Any CPU.Build.0 = Debug|Any CPU
		{BF0D2880-67FC-6A6E-464B-10678B39410B}.Release|Any CPU.ActiveCfg = Release|Any CPU
		{BF0D2880-67FC-6A6E-464B-10678B39410B}.Release|Any CPU.Build.0 = Release|Any CPU
	EndGlobalSection
	GlobalSection(SolutionProperties) = preSolution
		HideSolutionNode = FALSE
	EndGlobalSection
EndGlobal
